// !$*UTF8*$!
{
	archiveVersion = 1;
	classes = {
	};
	objectVersion = 50;
	objects = {

/* Begin PBXBuildFile section */
		892BAECE218358CB00CD0AC0 /* AUPMWebViewController.m in Sources */ = {isa = PBXBuildFile; fileRef = 892BAECD218358CB00CD0AC0 /* AUPMWebViewController.m */; };
		892BAED121835B0E00CD0AC0 /* home.html in Resources */ = {isa = PBXBuildFile; fileRef = 892BAED021835B0E00CD0AC0 /* home.html */; };
		892BAED421835BC000CD0AC0 /* WebKit.framework in Frameworks */ = {isa = PBXBuildFile; fileRef = 892BAED321835BC000CD0AC0 /* WebKit.framework */; };
		892BAEDB21835D0400CD0AC0 /* url@2x.png in Resources */ = {isa = PBXBuildFile; fileRef = 892BAED921835D0400CD0AC0 /* url@2x.png */; };
		892BAEDC21835D0400CD0AC0 /* url@3x.png in Resources */ = {isa = PBXBuildFile; fileRef = 892BAEDA21835D0400CD0AC0 /* url@3x.png */; };
		892BAEDF21835D1B00CD0AC0 /* ios7.min.js in Resources */ = {isa = PBXBuildFile; fileRef = 892BAEDD21835D1A00CD0AC0 /* ios7.min.js */; };
		892BAEE021835D1B00CD0AC0 /* ios7.min.css in Resources */ = {isa = PBXBuildFile; fileRef = 892BAEDE21835D1B00CD0AC0 /* ios7.min.css */; };
		897537F1218357E6000EB225 /* AUPMAppDelegate.m in Sources */ = {isa = PBXBuildFile; fileRef = 897537F0218357E6000EB225 /* AUPMAppDelegate.m */; };
		897537FA218357E6000EB225 /* Main.storyboard in Resources */ = {isa = PBXBuildFile; fileRef = 897537F8218357E6000EB225 /* Main.storyboard */; };
		897537FC218357E7000EB225 /* Assets.xcassets in Resources */ = {isa = PBXBuildFile; fileRef = 897537FB218357E7000EB225 /* Assets.xcassets */; };
		897537FF218357E7000EB225 /* LaunchScreen.storyboard in Resources */ = {isa = PBXBuildFile; fileRef = 897537FD218357E7000EB225 /* LaunchScreen.storyboard */; };
		89753802218357E7000EB225 /* main.m in Sources */ = {isa = PBXBuildFile; fileRef = 89753801218357E7000EB225 /* main.m */; };
/* End PBXBuildFile section */

/* Begin PBXFileReference section */
		892BAECC218358CB00CD0AC0 /* AUPMWebViewController.h */ = {isa = PBXFileReference; lastKnownFileType = sourcecode.c.h; path = AUPMWebViewController.h; sourceTree = "<group>"; };
		892BAECD218358CB00CD0AC0 /* AUPMWebViewController.m */ = {isa = PBXFileReference; lastKnownFileType = sourcecode.c.objc; path = AUPMWebViewController.m; sourceTree = "<group>"; };
		892BAED021835B0E00CD0AC0 /* home.html */ = {isa = PBXFileReference; fileEncoding = 4; lastKnownFileType = text.html; path = home.html; sourceTree = "<group>"; };
		892BAED321835BC000CD0AC0 /* WebKit.framework */ = {isa = PBXFileReference; lastKnownFileType = wrapper.framework; name = WebKit.framework; path = System/Library/Frameworks/WebKit.framework; sourceTree = SDKROOT; };
		892BAED921835D0400CD0AC0 /* url@2x.png */ = {isa = PBXFileReference; lastKnownFileType = image.png; path = "url@2x.png"; sourceTree = "<group>"; };
		892BAEDA21835D0400CD0AC0 /* url@3x.png */ = {isa = PBXFileReference; lastKnownFileType = image.png; path = "url@3x.png"; sourceTree = "<group>"; };
		892BAEDD21835D1A00CD0AC0 /* ios7.min.js */ = {isa = PBXFileReference; fileEncoding = 4; lastKnownFileType = sourcecode.javascript; path = ios7.min.js; sourceTree = "<group>"; };
		892BAEDE21835D1B00CD0AC0 /* ios7.min.css */ = {isa = PBXFileReference; fileEncoding = 4; lastKnownFileType = text.css; path = ios7.min.css; sourceTree = "<group>"; };
		897537EC218357E6000EB225 /* AUPM.app */ = {isa = PBXFileReference; explicitFileType = wrapper.application; includeInIndex = 0; path = AUPM.app; sourceTree = BUILT_PRODUCTS_DIR; };
		897537EF218357E6000EB225 /* AUPMAppDelegate.h */ = {isa = PBXFileReference; lastKnownFileType = sourcecode.c.h; path = AUPMAppDelegate.h; sourceTree = "<group>"; };
		897537F0218357E6000EB225 /* AUPMAppDelegate.m */ = {isa = PBXFileReference; lastKnownFileType = sourcecode.c.objc; path = AUPMAppDelegate.m; sourceTree = "<group>"; };
		897537F9218357E6000EB225 /* Base */ = {isa = PBXFileReference; lastKnownFileType = file.storyboard; name = Base; path = Base.lproj/Main.storyboard; sourceTree = "<group>"; };
		897537FB218357E7000EB225 /* Assets.xcassets */ = {isa = PBXFileReference; lastKnownFileType = folder.assetcatalog; path = Assets.xcassets; sourceTree = "<group>"; };
		897537FE218357E7000EB225 /* Base */ = {isa = PBXFileReference; lastKnownFileType = file.storyboard; name = Base; path = Base.lproj/LaunchScreen.storyboard; sourceTree = "<group>"; };
		89753800218357E7000EB225 /* Info.plist */ = {isa = PBXFileReference; lastKnownFileType = text.plist.xml; path = Info.plist; sourceTree = "<group>"; };
		89753801218357E7000EB225 /* main.m */ = {isa = PBXFileReference; lastKnownFileType = sourcecode.c.objc; path = main.m; sourceTree = "<group>"; };
/* End PBXFileReference section */

/* Begin PBXFrameworksBuildPhase section */
		897537E9218357E6000EB225 /* Frameworks */ = {
			isa = PBXFrameworksBuildPhase;
			buildActionMask = 2147483647;
			files = (
				892BAED421835BC000CD0AC0 /* WebKit.framework in Frameworks */,
			);
			runOnlyForDeploymentPostprocessing = 0;
		};
/* End PBXFrameworksBuildPhase section */

/* Begin PBXGroup section */
		892BAECF21835AE500CD0AC0 /* HTML */ = {
			isa = PBXGroup;
			children = (
				892BAEDE21835D1B00CD0AC0 /* ios7.min.css */,
				892BAEDD21835D1A00CD0AC0 /* ios7.min.js */,
				892BAED921835D0400CD0AC0 /* url@2x.png */,
				892BAEDA21835D0400CD0AC0 /* url@3x.png */,
				892BAED021835B0E00CD0AC0 /* home.html */,
			);
			path = HTML;
			sourceTree = "<group>";
		};
		892BAED221835BC000CD0AC0 /* Frameworks */ = {
			isa = PBXGroup;
			children = (
				892BAED321835BC000CD0AC0 /* WebKit.framework */,
			);
			name = Frameworks;
			sourceTree = "<group>";
		};
		897537E3218357E6000EB225 = {
			isa = PBXGroup;
			children = (
				897537EE218357E6000EB225 /* AUPM */,
				897537ED218357E6000EB225 /* Products */,
				892BAED221835BC000CD0AC0 /* Frameworks */,
			);
			sourceTree = "<group>";
		};
		897537ED218357E6000EB225 /* Products */ = {
			isa = PBXGroup;
			children = (
				897537EC218357E6000EB225 /* AUPM.app */,
			);
			name = Products;
			sourceTree = "<group>";
		};
		897537EE218357E6000EB225 /* AUPM */ = {
			isa = PBXGroup;
			children = (
				897537EF218357E6000EB225 /* AUPMAppDelegate.h */,
				897537F0218357E6000EB225 /* AUPMAppDelegate.m */,
				892BAECC218358CB00CD0AC0 /* AUPMWebViewController.h */,
				892BAECD218358CB00CD0AC0 /* AUPMWebViewController.m */,
				892BAECF21835AE500CD0AC0 /* HTML */,
				897537F8218357E6000EB225 /* Main.storyboard */,
				897537FB218357E7000EB225 /* Assets.xcassets */,
				897537FD218357E7000EB225 /* LaunchScreen.storyboard */,
				89753800218357E7000EB225 /* Info.plist */,
				89753801218357E7000EB225 /* main.m */,
			);
			path = AUPM;
			sourceTree = "<group>";
		};
/* End PBXGroup section */

/* Begin PBXNativeTarget section */
		897537EB218357E6000EB225 /* AUPM */ = {
			isa = PBXNativeTarget;
			buildConfigurationList = 89753805218357E7000EB225 /* Build configuration list for PBXNativeTarget "AUPM" */;
			buildPhases = (
				897537E8218357E6000EB225 /* Sources */,
				897537E9218357E6000EB225 /* Frameworks */,
				897537EA218357E6000EB225 /* Resources */,
			);
			buildRules = (
			);
			dependencies = (
			);
			name = AUPM;
			productName = AUPM;
			productReference = 897537EC218357E6000EB225 /* AUPM.app */;
			productType = "com.apple.product-type.application";
		};
/* End PBXNativeTarget section */

/* Begin PBXProject section */
		897537E4218357E6000EB225 /* Project object */ = {
			isa = PBXProject;
			attributes = {
				LastUpgradeCheck = 1000;
				ORGANIZATIONNAME = "Wilson Styres";
				TargetAttributes = {
					897537EB218357E6000EB225 = {
						CreatedOnToolsVersion = 10.0;
					};
				};
			};
			buildConfigurationList = 897537E7218357E6000EB225 /* Build configuration list for PBXProject "AUPM" */;
			compatibilityVersion = "Xcode 9.3";
			developmentRegion = en;
			hasScannedForEncodings = 0;
			knownRegions = (
				en,
				Base,
			);
			mainGroup = 897537E3218357E6000EB225;
			productRefGroup = 897537ED218357E6000EB225 /* Products */;
			projectDirPath = "";
			projectRoot = "";
			targets = (
				897537EB218357E6000EB225 /* AUPM */,
			);
		};
/* End PBXProject section */

/* Begin PBXResourcesBuildPhase section */
		897537EA218357E6000EB225 /* Resources */ = {
			isa = PBXResourcesBuildPhase;
			buildActionMask = 2147483647;
			files = (
				897537FF218357E7000EB225 /* LaunchScreen.storyboard in Resources */,
				892BAED121835B0E00CD0AC0 /* home.html in Resources */,
				892BAEDF21835D1B00CD0AC0 /* ios7.min.js in Resources */,
				892BAEDC21835D0400CD0AC0 /* url@3x.png in Resources */,
				897537FC218357E7000EB225 /* Assets.xcassets in Resources */,
				892BAEDB21835D0400CD0AC0 /* url@2x.png in Resources */,
				897537FA218357E6000EB225 /* Main.storyboard in Resources */,
				892BAEE021835D1B00CD0AC0 /* ios7.min.css in Resources */,
			);
			runOnlyForDeploymentPostprocessing = 0;
		};
/* End PBXResourcesBuildPhase section */

/* Begin PBXSourcesBuildPhase section */
		897537E8218357E6000EB225 /* Sources */ = {
			isa = PBXSourcesBuildPhase;
			buildActionMask = 2147483647;
			files = (
				892BAECE218358CB00CD0AC0 /* AUPMWebViewController.m in Sources */,
				897537F1218357E6000EB225 /* AUPMAppDelegate.m in Sources */,
				89753802218357E7000EB225 /* main.m in Sources */,
			);
			runOnlyForDeploymentPostprocessing = 0;
		};
/* End PBXSourcesBuildPhase section */

/* Begin PBXVariantGroup section */
		897537F8218357E6000EB225 /* Main.storyboard */ = {
			isa = PBXVariantGroup;
			children = (
				897537F9218357E6000EB225 /* Base */,
			);
			name = Main.storyboard;
			sourceTree = "<group>";
		};
		897537FD218357E7000EB225 /* LaunchScreen.storyboard */ = {
			isa = PBXVariantGroup;
			children = (
				897537FE218357E7000EB225 /* Base */,
			);
			name = LaunchScreen.storyboard;
			sourceTree = "<group>";
		};
/* End PBXVariantGroup section */

/* Begin XCBuildConfiguration section */
		89753803218357E7000EB225 /* Debug */ = {
			isa = XCBuildConfiguration;
			buildSettings = {
				ALWAYS_SEARCH_USER_PATHS = NO;
				CLANG_ANALYZER_NONNULL = YES;
				CLANG_ANALYZER_NUMBER_OBJECT_CONVERSION = YES_AGGRESSIVE;
				CLANG_CXX_LANGUAGE_STANDARD = "gnu++14";
				CLANG_CXX_LIBRARY = "libc++";
				CLANG_ENABLE_MODULES = YES;
				CLANG_ENABLE_OBJC_ARC = YES;
				CLANG_ENABLE_OBJC_WEAK = YES;
				CLANG_WARN_BLOCK_CAPTURE_AUTORELEASING = YES;
				CLANG_WARN_BOOL_CONVERSION = YES;
				CLANG_WARN_COMMA = YES;
				CLANG_WARN_CONSTANT_CONVERSION = YES;
				CLANG_WARN_DEPRECATED_OBJC_IMPLEMENTATIONS = YES;
				CLANG_WARN_DIRECT_OBJC_ISA_USAGE = YES_ERROR;
				CLANG_WARN_DOCUMENTATION_COMMENTS = YES;
				CLANG_WARN_EMPTY_BODY = YES;
				CLANG_WARN_ENUM_CONVERSION = YES;
				CLANG_WARN_INFINITE_RECURSION = YES;
				CLANG_WARN_INT_CONVERSION = YES;
				CLANG_WARN_NON_LITERAL_NULL_CONVERSION = YES;
				CLANG_WARN_OBJC_IMPLICIT_RETAIN_SELF = YES;
				CLANG_WARN_OBJC_LITERAL_CONVERSION = YES;
				CLANG_WARN_OBJC_ROOT_CLASS = YES_ERROR;
				CLANG_WARN_RANGE_LOOP_ANALYSIS = YES;
				CLANG_WARN_STRICT_PROTOTYPES = YES;
				CLANG_WARN_SUSPICIOUS_MOVE = YES;
				CLANG_WARN_UNGUARDED_AVAILABILITY = YES_AGGRESSIVE;
				CLANG_WARN_UNREACHABLE_CODE = YES;
				CLANG_WARN__DUPLICATE_METHOD_MATCH = YES;
				CODE_SIGN_IDENTITY = "iPhone Developer";
				COPY_PHASE_STRIP = NO;
				DEBUG_INFORMATION_FORMAT = dwarf;
				ENABLE_STRICT_OBJC_MSGSEND = YES;
				ENABLE_TESTABILITY = YES;
				GCC_C_LANGUAGE_STANDARD = gnu11;
				GCC_DYNAMIC_NO_PIC = NO;
				GCC_NO_COMMON_BLOCKS = YES;
				GCC_OPTIMIZATION_LEVEL = 0;
				GCC_PREPROCESSOR_DEFINITIONS = (
					"DEBUG=1",
					"$(inherited)",
				);
				GCC_WARN_64_TO_32_BIT_CONVERSION = YES;
				GCC_WARN_ABOUT_RETURN_TYPE = YES_ERROR;
				GCC_WARN_UNDECLARED_SELECTOR = YES;
				GCC_WARN_UNINITIALIZED_AUTOS = YES_AGGRESSIVE;
				GCC_WARN_UNUSED_FUNCTION = YES;
				GCC_WARN_UNUSED_VARIABLE = YES;
				IPHONEOS_DEPLOYMENT_TARGET = 12.0;
				MTL_ENABLE_DEBUG_INFO = INCLUDE_SOURCE;
				MTL_FAST_MATH = YES;
				ONLY_ACTIVE_ARCH = YES;
				SDKROOT = iphoneos;
			};
			name = Debug;
		};
		89753804218357E7000EB225 /* Release */ = {
			isa = XCBuildConfiguration;
			buildSettings = {
				ALWAYS_SEARCH_USER_PATHS = NO;
				CLANG_ANALYZER_NONNULL = YES;
				CLANG_ANALYZER_NUMBER_OBJECT_CONVERSION = YES_AGGRESSIVE;
				CLANG_CXX_LANGUAGE_STANDARD = "gnu++14";
				CLANG_CXX_LIBRARY = "libc++";
				CLANG_ENABLE_MODULES = YES;
				CLANG_ENABLE_OBJC_ARC = YES;
				CLANG_ENABLE_OBJC_WEAK = YES;
				CLANG_WARN_BLOCK_CAPTURE_AUTORELEASING = YES;
				CLANG_WARN_BOOL_CONVERSION = YES;
				CLANG_WARN_COMMA = YES;
				CLANG_WARN_CONSTANT_CONVERSION = YES;
				CLANG_WARN_DEPRECATED_OBJC_IMPLEMENTATIONS = YES;
				CLANG_WARN_DIRECT_OBJC_ISA_USAGE = YES_ERROR;
				CLANG_WARN_DOCUMENTATION_COMMENTS = YES;
				CLANG_WARN_EMPTY_BODY = YES;
				CLANG_WARN_ENUM_CONVERSION = YES;
				CLANG_WARN_INFINITE_RECURSION = YES;
				CLANG_WARN_INT_CONVERSION = YES;
				CLANG_WARN_NON_LITERAL_NULL_CONVERSION = YES;
				CLANG_WARN_OBJC_IMPLICIT_RETAIN_SELF = YES;
				CLANG_WARN_OBJC_LITERAL_CONVERSION = YES;
				CLANG_WARN_OBJC_ROOT_CLASS = YES_ERROR;
				CLANG_WARN_RANGE_LOOP_ANALYSIS = YES;
				CLANG_WARN_STRICT_PROTOTYPES = YES;
				CLANG_WARN_SUSPICIOUS_MOVE = YES;
				CLANG_WARN_UNGUARDED_AVAILABILITY = YES_AGGRESSIVE;
				CLANG_WARN_UNREACHABLE_CODE = YES;
				CLANG_WARN__DUPLICATE_METHOD_MATCH = YES;
				CODE_SIGN_IDENTITY = "iPhone Developer";
				COPY_PHASE_STRIP = NO;
				DEBUG_INFORMATION_FORMAT = "dwarf-with-dsym";
				ENABLE_NS_ASSERTIONS = NO;
				ENABLE_STRICT_OBJC_MSGSEND = YES;
				GCC_C_LANGUAGE_STANDARD = gnu11;
				GCC_NO_COMMON_BLOCKS = YES;
				GCC_WARN_64_TO_32_BIT_CONVERSION = YES;
				GCC_WARN_ABOUT_RETURN_TYPE = YES_ERROR;
				GCC_WARN_UNDECLARED_SELECTOR = YES;
				GCC_WARN_UNINITIALIZED_AUTOS = YES_AGGRESSIVE;
				GCC_WARN_UNUSED_FUNCTION = YES;
				GCC_WARN_UNUSED_VARIABLE = YES;
				IPHONEOS_DEPLOYMENT_TARGET = 12.0;
				MTL_ENABLE_DEBUG_INFO = NO;
				MTL_FAST_MATH = YES;
				SDKROOT = iphoneos;
				VALIDATE_PRODUCT = YES;
			};
			name = Release;
		};
		89753806218357E7000EB225 /* Debug */ = {
			isa = XCBuildConfiguration;
			buildSettings = {
				ASSETCATALOG_COMPILER_APPICON_NAME = AppIcon;
				CODE_SIGN_STYLE = Automatic;
				DEVELOPMENT_TEAM = FNYH7RRK6K;
				INFOPLIST_FILE = AUPM/Info.plist;
				LD_RUNPATH_SEARCH_PATHS = (
					"$(inherited)",
					"@executable_path/Frameworks",
				);
				PRODUCT_BUNDLE_IDENTIFIER = xyz.willy.AUPM;
				PRODUCT_NAME = "$(TARGET_NAME)";
				TARGETED_DEVICE_FAMILY = "1,2";
			};
			name = Debug;
		};
		89753807218357E7000EB225 /* Release */ = {
			isa = XCBuildConfiguration;
			buildSettings = {
				ASSETCATALOG_COMPILER_APPICON_NAME = AppIcon;
				CODE_SIGN_STYLE = Automatic;
				DEVELOPMENT_TEAM = FNYH7RRK6K;
				INFOPLIST_FILE = AUPM/Info.plist;
				LD_RUNPATH_SEARCH_PATHS = (
					"$(inherited)",
					"@executable_path/Frameworks",
				);
				PRODUCT_BUNDLE_IDENTIFIER = xyz.willy.AUPM;
				PRODUCT_NAME = "$(TARGET_NAME)";
				TARGETED_DEVICE_FAMILY = "1,2";
			};
			name = Release;
		};
/* End XCBuildConfiguration section */

/* Begin XCConfigurationList section */
		897537E7218357E6000EB225 /* Build configuration list for PBXProject "AUPM" */ = {
			isa = XCConfigurationList;
			buildConfigurations = (
				89753803218357E7000EB225 /* Debug */,
				89753804218357E7000EB225 /* Release */,
			);
			defaultConfigurationIsVisible = 0;
			defaultConfigurationName = Release;
		};
		89753805218357E7000EB225 /* Build configuration list for PBXNativeTarget "AUPM" */ = {
			isa = XCConfigurationList;
			buildConfigurations = (
				89753806218357E7000EB225 /* Debug */,
				89753807218357E7000EB225 /* Release */,
			);
			defaultConfigurationIsVisible = 0;
			defaultConfigurationName = Release;
		};
/* End XCConfigurationList section */
	};
	rootObject = 897537E4218357E6000EB225 /* Project object */;
}
