{
  "pins" : [
    {
      "identity" : "lnpopupcontroller",
      "kind" : "remoteSourceControl",
      "location" : "https://github.com/zbrateam/LNPopupController.git",
      "state" : {
        "branch" : "main",
        "revision" : "6264d7c5fe562703d3425e83a0dff2d2b481d9b4"
      }
    },
    {
      "identity" : "sdwebimage",
      "kind" : "remoteSourceControl",
      "location" : "https://github.com/SDWebImage/SDWebImage",
      "state" : {
        "revision" : "3289629ef6cbf1ad8c3d1dccf0cf09ac97547cd6",
        "version" : "5.15.7"
      }
    },
    {
      "identity" : "sentry-cocoa",
      "kind" : "remoteSourceControl",
      "location" : "https://github.com/getsentry/sentry-cocoa",
      "state" : {
        "revision" : "cf43eac1aa12017868c257ad3854ad87a5de0758",
        "version" : "7.31.5"
      }
    }
  ],
  "version" : 2
}
