{
  "object": {
    "pins": [
      {
        "package": "Down",
        "repositoryURL": "https://github.com/johnxnguyen/Down.git",
        "state": {
          "branch": null,
          "revision": "f34b166be1f1db4aa8f573067e901d72f2a6be57",
          "version": "0.11.0"
        }
      },
      {
        "package": "Evander",
        "repositoryURL": "https://github.com/elihwyma/Evander",
        "state": {
          "branch": "main",
          "revision": "0059e74d91e8574bee454e748ea6cc188e8b43db",
          "version": null
        }
      },
      {
        "package": "Kingfisher",
        "repositoryURL": "https://github.com/onevcat/Kingfisher",
        "state": {
          "branch": null,
          "revision": "c1f60c63f356d364f4284ba82961acbe7de79bcc",
          "version": "7.8.1"
        }
      }
    ]
  },
  "version": 1
}
