{
  "pins" : [
    {
      "identity" : "lnpopupcontroller",
      "kind" : "remoteSourceControl",
      "location" : "https://github.com/zbrateam/LNPopupController.git",
      "state" : {
        "branch" : "main",
        "revision" : "6264d7c5fe562703d3425e83a0dff2d2b481d9b4"
      }
    },
    {
      "identity" : "sdwebimage",
      "kind" : "remoteSourceControl",
      "location" : "https://github.com/SDWebImage/SDWebImage",
      "state" : {
        "revision" : "3e48cb68d8e668d146dc59c73fb98cb628616236",
        "version" : "5.13.2"
      }
    },
    {
      "identity" : "sentry-cocoa",
      "kind" : "remoteSourceControl",
      "location" : "https://github.com/getsentry/sentry-cocoa",
      "state" : {
        "revision" : "199000acd6a0a3f9c8e0bff03ef233f930993c71",
        "version" : "7.25.1"
      }
    }
  ],
  "version" : 2
}
